
Microsoft Visual Studio Solution File, Format Version 12.00
# Visual Studio Version 17
VisualStudioVersion = 17.0.31912.275
MinimumVisualStudioVersion = 10.0.40219.1
Project("{FAE04EC0-301F-11D3-BF4B-00C04F79EFBC}") = "23_Task", "23_Task\23_Task.csproj", "{2094DAD4-D585-421A-8613-EF431E7CC67C}"
EndProject
Global
	GlobalSection(SolutionConfigurationPlatforms) = preSolution
		Debug|Any CPU = Debug|Any CPU
		Release|Any CPU = Release|Any CPU
	EndGlobalSection
	GlobalSection(ProjectConfigurationPlatforms) = postSolution
		{2094DAD4-D585-421A-8613-EF431E7CC67C}.Debug|Any CPU.ActiveCfg = Debug|Any CPU
		{2094DAD4-D585-421A-8613-EF431E7CC67C}.Debug|Any CPU.Build.0 = Debug|Any CPU
		{2094DAD4-D585-421A-8613-EF431E7CC67C}.Release|Any CPU.ActiveCfg = Release|Any CPU
		{2094DAD4-D585-421A-8613-EF431E7CC67C}.Release|Any CPU.Build.0 = Release|Any CPU
	EndGlobalSection
	GlobalSection(SolutionProperties) = preSolution
		HideSolutionNode = FALSE
	EndGlobalSection
	GlobalSection(ExtensibilityGlobals) = postSolution
		SolutionGuid = {0E25AF78-1B24-4FF3-8320-BC8D0A37DFEC}
	EndGlobalSection
EndGlobal
